
Microsoft Visual Studio Solution File, Format Version 12.00
# Visual Studio 15
VisualStudioVersion = 15.0.27130.2020
MinimumVisualStudioVersion = 10.0.40219.1
Project("{FAE04EC0-301F-11D3-BF4B-00C04F79EFBC}") = "notifyBalloon", "notifyBalloon\notifyBalloon.csproj", "{69199690-B584-4C5C-9E90-EDACF3528769}"
EndProject
Global
	GlobalSection(SolutionConfigurationPlatforms) = preSolution
		Debug|Any CPU = Debug|Any CPU
		Release|Any CPU = Release|Any CPU
	EndGlobalSection
	GlobalSection(ProjectConfigurationPlatforms) = postSolution
		{69199690-B584-4C5C-9E90-EDACF3528769}.Debug|Any CPU.ActiveCfg = Debug|Any CPU
		{69199690-B584-4C5C-9E90-EDACF3528769}.Debug|Any CPU.Build.0 = Debug|Any CPU
		{69199690-B584-4C5C-9E90-EDACF3528769}.Release|Any CPU.ActiveCfg = Release|Any CPU
		{69199690-B584-4C5C-9E90-EDACF3528769}.Release|Any CPU.Build.0 = Release|Any CPU
	EndGlobalSection
	GlobalSection(SolutionProperties) = preSolution
		HideSolutionNode = FALSE
	EndGlobalSection
	GlobalSection(ExtensibilityGlobals) = postSolution
		SolutionGuid = {4B9E6DC2-3A18-4216-A220-0E2836D6BB2A}
	EndGlobalSection
EndGlobal
